
Microsoft Visual Studio Solution File, Format Version 12.00
# Visual Studio Version 16
VisualStudioVersion = 16.0.31624.102
MinimumVisualStudioVersion = 10.0.40219.1
Project("{9A19103F-16F7-4668-BE54-9A1E7A4F7556}") = "FunctionAppManagedIdentities.Api", "FunctionAppManagedIdentities.Api\FunctionAppManagedIdentities.Api.csproj", "{AEEDFCE1-1BA0-4FA9-8630-288C3D80B2B7}"
EndProject
Project("{2150E333-8FDC-42A3-9474-1A3956D46DE8}") = "SolutionItems", "SolutionItems", "{CD67DD9D-2FF9-4DB1-BE1C-918A58B8F5A9}"
	ProjectSection(SolutionItems) = preProject
		.gitignore = .gitignore
	EndProjectSection
EndProject
Global
	GlobalSection(SolutionConfigurationPlatforms) = preSolution
		Debug|Any CPU = Debug|Any CPU
		Release|Any CPU = Release|Any CPU
	EndGlobalSection
	GlobalSection(ProjectConfigurationPlatforms) = postSolution
		{AEEDFCE1-1BA0-4FA9-8630-288C3D80B2B7}.Debug|Any CPU.ActiveCfg = Debug|Any CPU
		{AEEDFCE1-1BA0-4FA9-8630-288C3D80B2B7}.Debug|Any CPU.Build.0 = Debug|Any CPU
		{AEEDFCE1-1BA0-4FA9-8630-288C3D80B2B7}.Release|Any CPU.ActiveCfg = Release|Any CPU
		{AEEDFCE1-1BA0-4FA9-8630-288C3D80B2B7}.Release|Any CPU.Build.0 = Release|Any CPU
	EndGlobalSection
	GlobalSection(SolutionProperties) = preSolution
		HideSolutionNode = FALSE
	EndGlobalSection
	GlobalSection(ExtensibilityGlobals) = postSolution
		SolutionGuid = {F828D787-1CAC-4C31-BE98-66B079EBF98D}
	EndGlobalSection
EndGlobal
